// !$*UTF8*$!
{
	archiveVersion = 1;
	classes = {
	};
	objectVersion = 46;
	objects = {

/* Begin PBXBuildFile section */
		2202566E14E820AF0049BF4B /* MaxAPI.framework in Frameworks */ = {isa = PBXBuildFile; fileRef = 2202566D14E820AF0049BF4B /* MaxAPI.framework */; };
		2202567114E820BA0049BF4B /* MaxAudioAPI.framework in Frameworks */ = {isa = PBXBuildFile; fileRef = 2202567014E820BA0049BF4B /* MaxAudioAPI.framework */; };
		2202567314E820C60049BF4B /* JitterAPI.framework in Frameworks */ = {isa = PBXBuildFile; fileRef = 2202567214E820C60049BF4B /* JitterAPI.framework */; };
		2202567514E820D90049BF4B /* commonsyms.cpp in Sources */ = {isa = PBXBuildFile; fileRef = 2202567414E820D90049BF4B /* commonsyms.cpp */; };
		227E0DD010B650EE00161657 /* tap.applescript.m in Sources */ = {isa = PBXBuildFile; fileRef = 227E0DCF10B650EE00161657 /* tap.applescript.m */; };
		227E0E0910B651F200161657 /* Cocoa.framework in Frameworks */ = {isa = PBXBuildFile; fileRef = 227E0E0810B651F200161657 /* Cocoa.framework */; };
		22DC27DF1702258E00D8AD34 /* libMaxObject.a in Frameworks */ = {isa = PBXBuildFile; fileRef = 22DC27DE1702258E00D8AD34 /* libMaxObject.a */; };
/* End PBXBuildFile section */

/* Begin PBXFileReference section */
		2202566D14E820AF0049BF4B /* MaxAPI.framework */ = {isa = PBXFileReference; lastKnownFileType = wrapper.framework; name = MaxAPI.framework; path = "../../../../Jamoma/Implementations/Max/source/c74support/max-includes/MaxAPI.framework"; sourceTree = "<group>"; };
		2202567014E820BA0049BF4B /* MaxAudioAPI.framework */ = {isa = PBXFileReference; lastKnownFileType = wrapper.framework; name = MaxAudioAPI.framework; path = "../../../../Jamoma/Implementations/Max/source/c74support/msp-includes/MaxAudioAPI.framework"; sourceTree = "<group>"; };
		2202567214E820C60049BF4B /* JitterAPI.framework */ = {isa = PBXFileReference; lastKnownFileType = wrapper.framework; name = JitterAPI.framework; path = "../../../../Jamoma/Implementations/Max/source/c74support/jit-includes/JitterAPI.framework"; sourceTree = "<group>"; };
		2202567414E820D90049BF4B /* commonsyms.cpp */ = {isa = PBXFileReference; fileEncoding = 4; lastKnownFileType = sourcecode.cpp.cpp; name = commonsyms.cpp; path = "../../../../Jamoma/Implementations/Max/source/c74support/max-includes/common/commonsyms.cpp"; sourceTree = "<group>"; };
		227E0DCF10B650EE00161657 /* tap.applescript.m */ = {isa = PBXFileReference; explicitFileType = sourcecode.cpp.objcpp; fileEncoding = 4; path = tap.applescript.m; sourceTree = "<group>"; };
		227E0E0810B651F200161657 /* Cocoa.framework */ = {isa = PBXFileReference; lastKnownFileType = wrapper.framework; name = Cocoa.framework; path = System/Library/Frameworks/Cocoa.framework; sourceTree = SDKROOT; };
		22DC27DE1702258E00D8AD34 /* libMaxObject.a */ = {isa = PBXFileReference; lastKnownFileType = archive.ar; name = libMaxObject.a; path = ../../objectivemax/MaxObject/build/UninstalledProducts/libMaxObject.a; sourceTree = "<group>"; };
		2FBBEAE508F335360078DB84 /* tap.applescript.mxo */ = {isa = PBXFileReference; explicitFileType = wrapper.cfbundle; includeInIndex = 0; path = tap.applescript.mxo; sourceTree = BUILT_PRODUCTS_DIR; };
/* End PBXFileReference section */

/* Begin PBXFrameworksBuildPhase section */
		2FBBEADC08F335360078DB84 /* Frameworks */ = {
			isa = PBXFrameworksBuildPhase;
			buildActionMask = 2147483647;
			files = (
				227E0E0910B651F200161657 /* Cocoa.framework in Frameworks */,
				2202566E14E820AF0049BF4B /* MaxAPI.framework in Frameworks */,
				2202567114E820BA0049BF4B /* MaxAudioAPI.framework in Frameworks */,
				2202567314E820C60049BF4B /* JitterAPI.framework in Frameworks */,
				22DC27DF1702258E00D8AD34 /* libMaxObject.a in Frameworks */,
			);
			runOnlyForDeploymentPostprocessing = 0;
		};
/* End PBXFrameworksBuildPhase section */

/* Begin PBXGroup section */
		089C166AFE841209C02AAC07 /* iterator */ = {
			isa = PBXGroup;
			children = (
				2202567414E820D90049BF4B /* commonsyms.cpp */,
				08FB77ADFE841716C02AAC07 /* Source */,
				089C1671FE841209C02AAC07 /* External Frameworks and Libraries */,
				19C28FB4FE9D528D11CA2CBB /* Products */,
			);
			name = iterator;
			sourceTree = "<group>";
		};
		089C1671FE841209C02AAC07 /* External Frameworks and Libraries */ = {
			isa = PBXGroup;
			children = (
				227E0E0810B651F200161657 /* Cocoa.framework */,
				2202567214E820C60049BF4B /* JitterAPI.framework */,
				2202567014E820BA0049BF4B /* MaxAudioAPI.framework */,
				2202566D14E820AF0049BF4B /* MaxAPI.framework */,
			);
			name = "External Frameworks and Libraries";
			sourceTree = "<group>";
		};
		08FB77ADFE841716C02AAC07 /* Source */ = {
			isa = PBXGroup;
			children = (
				227E0DCF10B650EE00161657 /* tap.applescript.m */,
				22DC27DE1702258E00D8AD34 /* libMaxObject.a */,
			);
			name = Source;
			sourceTree = "<group>";
		};
		19C28FB4FE9D528D11CA2CBB /* Products */ = {
			isa = PBXGroup;
			children = (
				2FBBEAE508F335360078DB84 /* tap.applescript.mxo */,
			);
			name = Products;
			sourceTree = "<group>";
		};
/* End PBXGroup section */

/* Begin PBXHeadersBuildPhase section */
		2FBBEAD708F335360078DB84 /* Headers */ = {
			isa = PBXHeadersBuildPhase;
			buildActionMask = 2147483647;
			files = (
			);
			runOnlyForDeploymentPostprocessing = 0;
		};
/* End PBXHeadersBuildPhase section */

/* Begin PBXNativeTarget section */
		2FBBEAD608F335360078DB84 /* max-external */ = {
			isa = PBXNativeTarget;
			buildConfigurationList = 2FBBEAE008F335360078DB84 /* Build configuration list for PBXNativeTarget "max-external" */;
			buildPhases = (
				2FBBEAD708F335360078DB84 /* Headers */,
				2FBBEAD808F335360078DB84 /* Resources */,
				2FBBEADA08F335360078DB84 /* Sources */,
				2FBBEADC08F335360078DB84 /* Frameworks */,
				2FBBEADF08F335360078DB84 /* Rez */,
			);
			buildRules = (
			);
			dependencies = (
			);
			name = "max-external";
			productName = iterator;
			productReference = 2FBBEAE508F335360078DB84 /* tap.applescript.mxo */;
			productType = "com.apple.product-type.bundle";
		};
/* End PBXNativeTarget section */

/* Begin PBXProject section */
		089C1669FE841209C02AAC07 /* Project object */ = {
			isa = PBXProject;
			attributes = {
				LastUpgradeCheck = 0450;
			};
			buildConfigurationList = 2FBBEACF08F335010078DB84 /* Build configuration list for PBXProject "tap.applescript" */;
			compatibilityVersion = "Xcode 3.2";
			developmentRegion = English;
			hasScannedForEncodings = 1;
			knownRegions = (
				en,
			);
			mainGroup = 089C166AFE841209C02AAC07 /* iterator */;
			projectDirPath = "";
			projectRoot = "";
			targets = (
				2FBBEAD608F335360078DB84 /* max-external */,
			);
		};
/* End PBXProject section */

/* Begin PBXResourcesBuildPhase section */
		2FBBEAD808F335360078DB84 /* Resources */ = {
			isa = PBXResourcesBuildPhase;
			buildActionMask = 2147483647;
			files = (
			);
			runOnlyForDeploymentPostprocessing = 0;
		};
/* End PBXResourcesBuildPhase section */

/* Begin PBXRezBuildPhase section */
		2FBBEADF08F335360078DB84 /* Rez */ = {
			isa = PBXRezBuildPhase;
			buildActionMask = 2147483647;
			files = (
			);
			runOnlyForDeploymentPostprocessing = 0;
		};
/* End PBXRezBuildPhase section */

/* Begin PBXSourcesBuildPhase section */
		2FBBEADA08F335360078DB84 /* Sources */ = {
			isa = PBXSourcesBuildPhase;
			buildActionMask = 2147483647;
			files = (
				227E0DD010B650EE00161657 /* tap.applescript.m in Sources */,
				2202567514E820D90049BF4B /* commonsyms.cpp in Sources */,
			);
			runOnlyForDeploymentPostprocessing = 0;
		};
/* End PBXSourcesBuildPhase section */

/* Begin XCBuildConfiguration section */
		2FBBEAD008F335010078DB84 /* Development */ = {
			isa = XCBuildConfiguration;
			buildSettings = {
			};
			name = Development;
		};
		2FBBEAD108F335010078DB84 /* Deployment */ = {
			isa = XCBuildConfiguration;
			buildSettings = {
			};
			name = Deployment;
		};
		2FBBEAE108F335360078DB84 /* Development */ = {
			isa = XCBuildConfiguration;
			buildSettings = {
				COMBINE_HIDPI_IMAGES = YES;
				COPY_PHASE_STRIP = NO;
				DEPLOYMENT_LOCATION = YES;
				DSTROOT = /;
				FRAMEWORK_SEARCH_PATHS = (
					"$(inherited)",
					"\"$(SRCROOT)/../../../../Jamoma/Implementations/Max/source/c74support/max-includes\"",
					"\"$(SRCROOT)/../../../../Jamoma/Implementations/Max/source/c74support/msp-includes\"",
					"\"$(SRCROOT)/../../../../Jamoma/Implementations/Max/source/c74support/jit-includes\"",
				);
				GCC_OPTIMIZATION_LEVEL = 0;
				HEADER_SEARCH_PATHS = (
					"$(inherited)",
					"\"$(SRCROOT)/../../../../Jamoma/Implementations/Max/source/c74support/max-includes\"",
					"\"$(SRCROOT)/../../../../Jamoma/Implementations/Max/source/c74support/msp-includes\"",
					"\"$(SRCROOT)/../../../../Jamoma/Implementations/Max/source/c74support/jit-includes\"",
				);
				INSTALL_PATH = "$(SRCROOT)/../../../../Builds/MaxMSP";
				LIBRARY_SEARCH_PATHS = (
					"$(inherited)",
					"\"$(SRCROOT)/../../../../Jamoma/Core/Shared/objectivemax/MaxObject/build/UninstalledProducts\"",
					"\"$(SRCROOT)/../../../objectivemax/MaxObject/build/UninstalledProducts\"",
					"\"$(SRCROOT)/../../objectivemax/MaxObject/build/UninstalledProducts\"",
				);
				PRODUCT_NAME = tap.applescript;
				SKIP_INSTALL = NO;
				USER_HEADER_SEARCH_PATHS = "$(SRCROOT)/../../../../Jamoma/Core/Shared/objectivemax";
				WRAPPER_EXTENSION = mxo;
			};
			name = Development;
		};
		2FBBEAE208F335360078DB84 /* Deployment */ = {
			isa = XCBuildConfiguration;
			buildSettings = {
				COMBINE_HIDPI_IMAGES = YES;
				COPY_PHASE_STRIP = NO;
				DEPLOYMENT_LOCATION = YES;
				DSTROOT = /;
				FRAMEWORK_SEARCH_PATHS = (
					"$(inherited)",
					"\"$(SRCROOT)/../../../../Jamoma/Implementations/Max/source/c74support/max-includes\"",
					"\"$(SRCROOT)/../../../../Jamoma/Implementations/Max/source/c74support/msp-includes\"",
					"\"$(SRCROOT)/../../../../Jamoma/Implementations/Max/source/c74support/jit-includes\"",
				);
				HEADER_SEARCH_PATHS = (
					"$(inherited)",
					"\"$(SRCROOT)/../../../../Jamoma/Implementations/Max/source/c74support/max-includes\"",
					"\"$(SRCROOT)/../../../../Jamoma/Implementations/Max/source/c74support/msp-includes\"",
					"\"$(SRCROOT)/../../../../Jamoma/Implementations/Max/source/c74support/jit-includes\"",
				);
				INSTALL_PATH = "$(SRCROOT)/../../../../Builds/MaxMSP";
				LIBRARY_SEARCH_PATHS = (
					"$(inherited)",
					"\"$(SRCROOT)/../../../../Jamoma/Core/Shared/objectivemax/MaxObject/build/UninstalledProducts\"",
					"\"$(SRCROOT)/../../../objectivemax/MaxObject/build/UninstalledProducts\"",
					"\"$(SRCROOT)/../../objectivemax/MaxObject/build/UninstalledProducts\"",
				);
				PRODUCT_NAME = tap.applescript;
				SKIP_INSTALL = NO;
				USER_HEADER_SEARCH_PATHS = "$(SRCROOT)/../../../../Jamoma/Core/Shared/objectivemax";
				WRAPPER_EXTENSION = mxo;
			};
			name = Deployment;
		};
/* End XCBuildConfiguration section */

/* Begin XCConfigurationList section */
		2FBBEACF08F335010078DB84 /* Build configuration list for PBXProject "tap.applescript" */ = {
			isa = XCConfigurationList;
			buildConfigurations = (
				2FBBEAD008F335010078DB84 /* Development */,
				2FBBEAD108F335010078DB84 /* Deployment */,
			);
			defaultConfigurationIsVisible = 0;
			defaultConfigurationName = Development;
		};
		2FBBEAE008F335360078DB84 /* Build configuration list for PBXNativeTarget "max-external" */ = {
			isa = XCConfigurationList;
			buildConfigurations = (
				2FBBEAE108F335360078DB84 /* Development */,
				2FBBEAE208F335360078DB84 /* Deployment */,
			);
			defaultConfigurationIsVisible = 0;
			defaultConfigurationName = Development;
		};
/* End XCConfigurationList section */
	};
	rootObject = 089C1669FE841209C02AAC07 /* Project object */;
}
